
Microsoft Visual Studio Solution File, Format Version 12.00
# Visual Studio Version 17
VisualStudioVersion = 17.3.32922.545
MinimumVisualStudioVersion = 10.0.40219.1
Project("{FAE04EC0-301F-11D3-BF4B-00C04F79EFBC}") = "Employeedemo", "Employeedemo.csproj", "{5A4F66F1-2B98-4542-85BE-47D557A09A8A}"
EndProject
Global
	GlobalSection(SolutionConfigurationPlatforms) = preSolution
		Debug|Any CPU = Debug|Any CPU
		Release|Any CPU = Release|Any CPU
	EndGlobalSection
	GlobalSection(ProjectConfigurationPlatforms) = postSolution
		{5A4F66F1-2B98-4542-85BE-47D557A09A8A}.Debug|Any CPU.ActiveCfg = Debug|Any CPU
		{5A4F66F1-2B98-4542-85BE-47D557A09A8A}.Debug|Any CPU.Build.0 = Debug|Any CPU
		{5A4F66F1-2B98-4542-85BE-47D557A09A8A}.Release|Any CPU.ActiveCfg = Release|Any CPU
		{5A4F66F1-2B98-4542-85BE-47D557A09A8A}.Release|Any CPU.Build.0 = Release|Any CPU
	EndGlobalSection
	GlobalSection(SolutionProperties) = preSolution
		HideSolutionNode = FALSE
	EndGlobalSection
	GlobalSection(ExtensibilityGlobals) = postSolution
		SolutionGuid = {E8F72ACA-8DD1-41FD-A14D-A96D77FB053E}
	EndGlobalSection
EndGlobal
